
Microsoft Visual Studio Solution File, Format Version 12.00
# Visual Studio Version 17
VisualStudioVersion = 17.8.34408.163
MinimumVisualStudioVersion = 10.0.40219.1
Project("{FAE04EC0-301F-11D3-BF4B-00C04F79EFBC}") = "Activity2", "Activity2\Activity2.csproj", "{08D3FE43-C748-400D-935C-89821849A173}"
EndProject
Global
	GlobalSection(SolutionConfigurationPlatforms) = preSolution
		Debug|Any CPU = Debug|Any CPU
		Release|Any CPU = Release|Any CPU
	EndGlobalSection
	GlobalSection(ProjectConfigurationPlatforms) = postSolution
		{08D3FE43-C748-400D-935C-89821849A173}.Debug|Any CPU.ActiveCfg = Debug|Any CPU
		{08D3FE43-C748-400D-935C-89821849A173}.Debug|Any CPU.Build.0 = Debug|Any CPU
		{08D3FE43-C748-400D-935C-89821849A173}.Release|Any CPU.ActiveCfg = Release|Any CPU
		{08D3FE43-C748-400D-935C-89821849A173}.Release|Any CPU.Build.0 = Release|Any CPU
	EndGlobalSection
	GlobalSection(SolutionProperties) = preSolution
		HideSolutionNode = FALSE
	EndGlobalSection
	GlobalSection(ExtensibilityGlobals) = postSolution
		SolutionGuid = {D8FFE1A9-997F-4CA4-88D7-AC0DF2216BE8}
	EndGlobalSection
EndGlobal
